{
    "_readme": [
        "This file locks the dependencies of your project to a known state",
        "Read more about it at https://getcomposer.org/doc/01-basic-usage.md#composer-lock-the-lock-file",
        "This file is @generated automatically"
    ],
    "hash": "fe9d4fd211d87dd53194b9f5832980d4",
    "content-hash": "645a6c9f713f96a55e6625a5bb578a22",
    "packages": [
        {
            "name": "tbn/getsetforeignnormalizer-bundle",
            "version": "v2.0.0",
            "target-dir": "tbn/GetSetForeignNormalizerBundle",
            "source": {
                "type": "git",
                "url": "https://github.com/thomasbeaujean/GetSetForeignNormalizerBundle.git",
                "reference": "e4104e88826c1cfe5cb0d6681dd7604377c6aabd"
            },
            "dist": {
                "type": "zip",
                "url": "https://api.github.com/repos/thomasbeaujean/GetSetForeignNormalizerBundle/zipball/e4104e88826c1cfe5cb0d6681dd7604377c6aabd",
                "reference": "e4104e88826c1cfe5cb0d6681dd7604377c6aabd",
                "shasum": ""
            },
            "require-dev": {
                "symfony/class-loader": "2.3.*"
            },
            "type": "library",
            "autoload": {
                "psr-0": {
                    "tbn\\GetSetForeignNormalizerBundle": ""
                }
            },
            "notification-url": "https://packagist.org/downloads/",
            "description": "add the getsetforeignnormalizer service",
            "time": "2015-08-17 21:14:48"
        }
    ],
    "packages-dev": [
        {
            "name": "symfony/class-loader",
            "version": "v2.3.33",
            "target-dir": "Symfony/Component/ClassLoader",
            "source": {
                "type": "git",
                "url": "https://github.com/symfony/class-loader.git",
                "reference": "931f37058747b969cfd01d67c8038760534be895"
            },
            "dist": {
                "type": "zip",
                "url": "https://api.github.com/repos/symfony/class-loader/zipball/931f37058747b969cfd01d67c8038760534be895",
                "reference": "931f37058747b969cfd01d67c8038760534be895",
                "shasum": ""
            },
            "require": {
                "php": ">=5.3.3"
            },
            "require-dev": {
                "symfony/finder": "~2.0,>=2.0.5",
                "symfony/phpunit-bridge": "~2.7"
            },
            "type": "library",
            "extra": {
                "branch-alias": {
                    "dev-master": "2.3-dev"
                }
            },
            "autoload": {
                "psr-0": {
                    "Symfony\\Component\\ClassLoader\\": ""
                }
            },
            "notification-url": "https://packagist.org/downloads/",
            "license": [
                "MIT"
            ],
            "authors": [
                {
                    "name": "Fabien Potencier",
                    "email": "fabien@symfony.com"
                },
                {
                    "name": "Symfony Community",
                    "homepage": "https://symfony.com/contributors"
                }
            ],
            "description": "Symfony ClassLoader Component",
            "homepage": "https://symfony.com",
            "time": "2015-08-25 12:59:33"
        }
    ],
    "aliases": [],
    "minimum-stability": "stable",
    "stability-flags": [],
    "prefer-stable": false,
    "prefer-lowest": false,
    "platform": [],
    "platform-dev": []
}
